
Microsoft Visual Studio Solution File, Format Version 12.00
# Visual Studio Version 16
VisualStudioVersion = 16.0.32106.194
MinimumVisualStudioVersion = 10.0.40219.1
Project("{2150E333-8FDC-42A3-9474-1A3956D46DE8}") = "1.0 - Presentation", "1.0 - Presentation", "{F0EB5DC7-27AA-4114-988C-FC25640EB927}"
EndProject
Project("{2150E333-8FDC-42A3-9474-1A3956D46DE8}") = "2.0 - Application", "2.0 - Application", "{9A19103F-16F7-4668-BE54-9A1E7A4F7556}"
EndProject
Project("{2150E333-8FDC-42A3-9474-1A3956D46DE8}") = "3.0 - Business", "3.0 - Business", "{6BD1D764-DBAD-4DD1-81A8-AFF6C820DC11}"
EndProject
Project("{9A19103F-16F7-4668-BE54-9A1E7A4F7556}") = "ProfitDistributor.Domain", "ProfitDistributor\Business\ProfitDistributor.Domain.csproj", "{F7C529FA-4ECC-4926-BF23-0142D17CB2A5}"
EndProject
Project("{9A19103F-16F7-4668-BE54-9A1E7A4F7556}") = "ProfitDistributor.Ui", "ProfitDistributor\Presentation\ProfitDistributor.Ui.csproj", "{7092FAFC-6331-44FA-B0E7-FFA919E64F23}"
EndProject
Project("{9A19103F-16F7-4668-BE54-9A1E7A4F7556}") = "ProfitDistributor.Services", "ProfitDistributor\Services\ProfitDistributor.Services.csproj", "{A9ABAD80-43A5-4F70-82BB-C578F02D65BB}"
EndProject
Project("{2150E333-8FDC-42A3-9474-1A3956D46DE8}") = "4.0 - Tests", "4.0 - Tests", "{6C5AD98F-3FD6-4571-B57D-6985B9692F9B}"
EndProject
Project("{9A19103F-16F7-4668-BE54-9A1E7A4F7556}") = "ProfitDistributor.Api", "ProfitDistributor\Application\ProfitDistributor.Api.csproj", "{C2F18715-79C7-4D32-B35E-9BF90185CC8C}"
EndProject
Project("{9A19103F-16F7-4668-BE54-9A1E7A4F7556}") = "ProfitDistributor.Tests", "ProfitDistributor\Tests\ProfitDistributor.Tests.csproj", "{4D23B1A5-08AF-4055-942C-23E555EFA30A}"
EndProject
Global
	GlobalSection(SolutionConfigurationPlatforms) = preSolution
		Debug|Any CPU = Debug|Any CPU
		Release|Any CPU = Release|Any CPU
	EndGlobalSection
	GlobalSection(ProjectConfigurationPlatforms) = postSolution
		{F7C529FA-4ECC-4926-BF23-0142D17CB2A5}.Debug|Any CPU.ActiveCfg = Debug|Any CPU
		{F7C529FA-4ECC-4926-BF23-0142D17CB2A5}.Debug|Any CPU.Build.0 = Debug|Any CPU
		{F7C529FA-4ECC-4926-BF23-0142D17CB2A5}.Release|Any CPU.ActiveCfg = Release|Any CPU
		{F7C529FA-4ECC-4926-BF23-0142D17CB2A5}.Release|Any CPU.Build.0 = Release|Any CPU
		{7092FAFC-6331-44FA-B0E7-FFA919E64F23}.Debug|Any CPU.ActiveCfg = Debug|Any CPU
		{7092FAFC-6331-44FA-B0E7-FFA919E64F23}.Debug|Any CPU.Build.0 = Debug|Any CPU
		{7092FAFC-6331-44FA-B0E7-FFA919E64F23}.Release|Any CPU.ActiveCfg = Release|Any CPU
		{7092FAFC-6331-44FA-B0E7-FFA919E64F23}.Release|Any CPU.Build.0 = Release|Any CPU
		{A9ABAD80-43A5-4F70-82BB-C578F02D65BB}.Debug|Any CPU.ActiveCfg = Debug|Any CPU
		{A9ABAD80-43A5-4F70-82BB-C578F02D65BB}.Debug|Any CPU.Build.0 = Debug|Any CPU
		{A9ABAD80-43A5-4F70-82BB-C578F02D65BB}.Release|Any CPU.ActiveCfg = Release|Any CPU
		{A9ABAD80-43A5-4F70-82BB-C578F02D65BB}.Release|Any CPU.Build.0 = Release|Any CPU
		{C2F18715-79C7-4D32-B35E-9BF90185CC8C}.Debug|Any CPU.ActiveCfg = Debug|Any CPU
		{C2F18715-79C7-4D32-B35E-9BF90185CC8C}.Debug|Any CPU.Build.0 = Debug|Any CPU
		{C2F18715-79C7-4D32-B35E-9BF90185CC8C}.Release|Any CPU.ActiveCfg = Release|Any CPU
		{C2F18715-79C7-4D32-B35E-9BF90185CC8C}.Release|Any CPU.Build.0 = Release|Any CPU
		{4D23B1A5-08AF-4055-942C-23E555EFA30A}.Debug|Any CPU.ActiveCfg = Debug|Any CPU
		{4D23B1A5-08AF-4055-942C-23E555EFA30A}.Debug|Any CPU.Build.0 = Debug|Any CPU
		{4D23B1A5-08AF-4055-942C-23E555EFA30A}.Release|Any CPU.ActiveCfg = Release|Any CPU
		{4D23B1A5-08AF-4055-942C-23E555EFA30A}.Release|Any CPU.Build.0 = Release|Any CPU
	EndGlobalSection
	GlobalSection(SolutionProperties) = preSolution
		HideSolutionNode = FALSE
	EndGlobalSection
	GlobalSection(NestedProjects) = preSolution
		{F7C529FA-4ECC-4926-BF23-0142D17CB2A5} = {6BD1D764-DBAD-4DD1-81A8-AFF6C820DC11}
		{7092FAFC-6331-44FA-B0E7-FFA919E64F23} = {F0EB5DC7-27AA-4114-988C-FC25640EB927}
		{A9ABAD80-43A5-4F70-82BB-C578F02D65BB} = {9A19103F-16F7-4668-BE54-9A1E7A4F7556}
		{C2F18715-79C7-4D32-B35E-9BF90185CC8C} = {9A19103F-16F7-4668-BE54-9A1E7A4F7556}
		{4D23B1A5-08AF-4055-942C-23E555EFA30A} = {6C5AD98F-3FD6-4571-B57D-6985B9692F9B}
	EndGlobalSection
	GlobalSection(ExtensibilityGlobals) = postSolution
		SolutionGuid = {F3798120-2AE8-4C6C-999C-4AF88FB564AE}
	EndGlobalSection
EndGlobal
